{
  "name": "com.twin3.scrontestproj",
  "version": "1.0.0",
  "lockfileVersion": 1,
  "requires": true,
  "dependencies": {
    "@twin3/scron": {
      "version": "1.0.5",
      "resolved": "https://registry.npmjs.org/@twin3/scron/-/scron-1.0.5.tgz",
      "integrity": "sha512-9gYZs7qF0T72AjUezaAGuOidrKuG6DRtEGxRNwb4r1iljGDJlhE3D9IyScYLaiZHW+dzJE8Lq1WlRz0PSPxmJQ=="
    }
  }
}
