{
  "name": "com.twin3.scrontestproj",
  "version": "1.0.0",
  "lockfileVersion": 1,
  "requires": true,
  "dependencies": {
    "@twin3/scron": {
      "version": "1.0.4",
      "resolved": "https://registry.npmjs.org/@twin3/scron/-/scron-1.0.4.tgz",
      "integrity": "sha512-gHz0bkcIo8NhNpL8wDnapF2Y5YsOYtcl3t0hU9ssFW0NbOecU1o+po/RdvBU+mg3BqivGRiXCGKw5hFnCpGtEg=="
    }
  }
}
